
Microsoft Visual Studio Solution File, Format Version 12.00
# Visual Studio Version 16
VisualStudioVersion = 16.0.31321.278
MinimumVisualStudioVersion = 10.0.40219.1
Project("{8BC9CEB8-8B4A-11D0-8D11-00A0C91BC942}") = "TicTacToe", "TicTacToe.vcxproj", "{F7188288-5AF8-4812-A063-51A37A74D809}"
EndProject
Global
	GlobalSection(SolutionConfigurationPlatforms) = preSolution
		Debug|x64 = Debug|x64
		Debug|x86 = Debug|x86
		Release|x64 = Release|x64
		Release|x86 = Release|x86
	EndGlobalSection
	GlobalSection(ProjectConfigurationPlatforms) = postSolution
		{F7188288-5AF8-4812-A063-51A37A74D809}.Debug|x64.ActiveCfg = Debug|x64
		{F7188288-5AF8-4812-A063-51A37A74D809}.Debug|x64.Build.0 = Debug|x64
		{F7188288-5AF8-4812-A063-51A37A74D809}.Debug|x86.ActiveCfg = Debug|Win32
		{F7188288-5AF8-4812-A063-51A37A74D809}.Debug|x86.Build.0 = Debug|Win32
		{F7188288-5AF8-4812-A063-51A37A74D809}.Release|x64.ActiveCfg = Release|x64
		{F7188288-5AF8-4812-A063-51A37A74D809}.Release|x64.Build.0 = Release|x64
		{F7188288-5AF8-4812-A063-51A37A74D809}.Release|x86.ActiveCfg = Release|Win32
		{F7188288-5AF8-4812-A063-51A37A74D809}.Release|x86.Build.0 = Release|Win32
	EndGlobalSection
	GlobalSection(SolutionProperties) = preSolution
		HideSolutionNode = FALSE
	EndGlobalSection
	GlobalSection(ExtensibilityGlobals) = postSolution
		SolutionGuid = {46B87642-2DEE-427E-91C9-282449A85CE1}
	EndGlobalSection
EndGlobal
